// !$*UTF8*$!
{
	archiveVersion = 1;
	classes = {
	};
	objectVersion = 56;
	objects = {

/* Begin PBXBuildFile section */
		9F1336792A73F68700B2EBB4 /* AppDelegate.swift in Sources */ = {isa = PBXBuildFile; fileRef = 9F1336782A73F68700B2EBB4 /* AppDelegate.swift */; };
		9F13367B2A73F68700B2EBB4 /* SceneDelegate.swift in Sources */ = {isa = PBXBuildFile; fileRef = 9F13367A2A73F68700B2EBB4 /* SceneDelegate.swift */; };
		9F13367D2A73F68700B2EBB4 /* ViewController.swift in Sources */ = {isa = PBXBuildFile; fileRef = 9F13367C2A73F68700B2EBB4 /* ViewController.swift */; };
		9F1336802A73F68700B2EBB4 /* Main.storyboard in Resources */ = {isa = PBXBuildFile; fileRef = 9F13367E2A73F68700B2EBB4 /* Main.storyboard */; };
		9F1336822A73F68800B2EBB4 /* Assets.xcassets in Resources */ = {isa = PBXBuildFile; fileRef = 9F1336812A73F68800B2EBB4 /* Assets.xcassets */; };
		9F1336852A73F68800B2EBB4 /* LaunchScreen.storyboard in Resources */ = {isa = PBXBuildFile; fileRef = 9F1336832A73F68800B2EBB4 /* LaunchScreen.storyboard */; };
		9F13368E2A73F6AB00B2EBB4 /* CleverTapLocation in Frameworks */ = {isa = PBXBuildFile; productRef = 9F13368D2A73F6AB00B2EBB4 /* CleverTapLocation */; };
		9F1336902A73F6AB00B2EBB4 /* CleverTapSDK in Frameworks */ = {isa = PBXBuildFile; productRef = 9F13368F2A73F6AB00B2EBB4 /* CleverTapSDK */; };
		9FA0FC692A78F8D000940F2D /* CTNotificationService in Frameworks */ = {isa = PBXBuildFile; productRef = 9FA0FC682A78F8D000940F2D /* CTNotificationService */; };
		9FA0FC6B2A78F8D500940F2D /* CleverTapSDK in Frameworks */ = {isa = PBXBuildFile; productRef = 9FA0FC6A2A78F8D500940F2D /* CleverTapSDK */; };
		9FA0FC6D2A78F8D700940F2D /* CleverTapLocation in Frameworks */ = {isa = PBXBuildFile; productRef = 9FA0FC6C2A78F8D700940F2D /* CleverTapLocation */; };
		9FA0FC702A7901DF00940F2D /* CTNotificationContent in Frameworks */ = {isa = PBXBuildFile; productRef = 9FA0FC6F2A7901DF00940F2D /* CTNotificationContent */; };
		9FA0FC772A7901FD00940F2D /* UserNotifications.framework in Frameworks */ = {isa = PBXBuildFile; fileRef = 9FA0FC762A7901FD00940F2D /* UserNotifications.framework */; };
		9FA0FC792A7901FD00940F2D /* UserNotificationsUI.framework in Frameworks */ = {isa = PBXBuildFile; fileRef = 9FA0FC782A7901FD00940F2D /* UserNotificationsUI.framework */; };
		9FA0FC7C2A7901FD00940F2D /* NotificationViewController.swift in Sources */ = {isa = PBXBuildFile; fileRef = 9FA0FC7B2A7901FD00940F2D /* NotificationViewController.swift */; };
		9FA0FC7F2A7901FD00940F2D /* MainInterface.storyboard in Resources */ = {isa = PBXBuildFile; fileRef = 9FA0FC7D2A7901FD00940F2D /* MainInterface.storyboard */; };
		9FA0FC832A7901FD00940F2D /* NotificationContent.appex in Embed Foundation Extensions */ = {isa = PBXBuildFile; fileRef = 9FA0FC752A7901FC00940F2D /* NotificationContent.appex */; settings = {ATTRIBUTES = (RemoveHeadersOnCopy, ); }; };
		9FA0FC882A79023E00940F2D /* CleverTapLocation in Frameworks */ = {isa = PBXBuildFile; productRef = 9FA0FC872A79023E00940F2D /* CleverTapLocation */; };
		9FA0FC8A2A79023F00940F2D /* CleverTapSDK in Frameworks */ = {isa = PBXBuildFile; productRef = 9FA0FC892A79023F00940F2D /* CleverTapSDK */; };
		9FA0FC8C2A79023F00940F2D /* CTNotificationContent in Frameworks */ = {isa = PBXBuildFile; productRef = 9FA0FC8B2A79023F00940F2D /* CTNotificationContent */; };
		9FF0C0892A78CC55004DEF16 /* NotificationService.swift in Sources */ = {isa = PBXBuildFile; fileRef = 9FF0C0882A78CC55004DEF16 /* NotificationService.swift */; };
		9FF0C08D2A78CC55004DEF16 /* NotificationService.appex in Embed Foundation Extensions */ = {isa = PBXBuildFile; fileRef = 9FF0C0862A78CC55004DEF16 /* NotificationService.appex */; settings = {ATTRIBUTES = (RemoveHeadersOnCopy, ); }; };
		9FF0C0942A78CD44004DEF16 /* CTNotificationService in Frameworks */ = {isa = PBXBuildFile; productRef = 9FF0C0932A78CD44004DEF16 /* CTNotificationService */; };
/* End PBXBuildFile section */

/* Begin PBXContainerItemProxy section */
		9FA0FC812A7901FD00940F2D /* PBXContainerItemProxy */ = {
			isa = PBXContainerItemProxy;
			containerPortal = 9F13366D2A73F68700B2EBB4 /* Project object */;
			proxyType = 1;
			remoteGlobalIDString = 9FA0FC742A7901FC00940F2D;
			remoteInfo = NotificationContent;
		};
		9FF0C08B2A78CC55004DEF16 /* PBXContainerItemProxy */ = {
			isa = PBXContainerItemProxy;
			containerPortal = 9F13366D2A73F68700B2EBB4 /* Project object */;
			proxyType = 1;
			remoteGlobalIDString = 9FF0C0852A78CC55004DEF16;
			remoteInfo = NotificationService;
		};
/* End PBXContainerItemProxy section */

/* Begin PBXCopyFilesBuildPhase section */
		9FF0C0912A78CC55004DEF16 /* Embed Foundation Extensions */ = {
			isa = PBXCopyFilesBuildPhase;
			buildActionMask = 2147483647;
			dstPath = "";
			dstSubfolderSpec = 13;
			files = (
				9FF0C08D2A78CC55004DEF16 /* NotificationService.appex in Embed Foundation Extensions */,
				9FA0FC832A7901FD00940F2D /* NotificationContent.appex in Embed Foundation Extensions */,
			);
			name = "Embed Foundation Extensions";
			runOnlyForDeploymentPostprocessing = 0;
		};
/* End PBXCopyFilesBuildPhase section */

/* Begin PBXFileReference section */
		9F1336752A73F68700B2EBB4 /* Tejas_IOS_Demo.app */ = {isa = PBXFileReference; explicitFileType = wrapper.application; includeInIndex = 0; path = Tejas_IOS_Demo.app; sourceTree = BUILT_PRODUCTS_DIR; };
		9F1336782A73F68700B2EBB4 /* AppDelegate.swift */ = {isa = PBXFileReference; lastKnownFileType = sourcecode.swift; path = AppDelegate.swift; sourceTree = "<group>"; };
		9F13367A2A73F68700B2EBB4 /* SceneDelegate.swift */ = {isa = PBXFileReference; lastKnownFileType = sourcecode.swift; path = SceneDelegate.swift; sourceTree = "<group>"; };
		9F13367C2A73F68700B2EBB4 /* ViewController.swift */ = {isa = PBXFileReference; lastKnownFileType = sourcecode.swift; path = ViewController.swift; sourceTree = "<group>"; };
		9F13367F2A73F68700B2EBB4 /* Base */ = {isa = PBXFileReference; lastKnownFileType = file.storyboard; name = Base; path = Base.lproj/Main.storyboard; sourceTree = "<group>"; };
		9F1336812A73F68800B2EBB4 /* Assets.xcassets */ = {isa = PBXFileReference; lastKnownFileType = folder.assetcatalog; path = Assets.xcassets; sourceTree = "<group>"; };
		9F1336842A73F68800B2EBB4 /* Base */ = {isa = PBXFileReference; lastKnownFileType = file.storyboard; name = Base; path = Base.lproj/LaunchScreen.storyboard; sourceTree = "<group>"; };
		9F1336862A73F68800B2EBB4 /* Info.plist */ = {isa = PBXFileReference; lastKnownFileType = text.plist.xml; path = Info.plist; sourceTree = "<group>"; };
		9F628E862A77FE5D009FFEAA /* Tejas_IOS_Demo.entitlements */ = {isa = PBXFileReference; lastKnownFileType = text.plist.entitlements; path = Tejas_IOS_Demo.entitlements; sourceTree = "<group>"; };
		9FA0FC752A7901FC00940F2D /* NotificationContent.appex */ = {isa = PBXFileReference; explicitFileType = "wrapper.app-extension"; includeInIndex = 0; path = NotificationContent.appex; sourceTree = BUILT_PRODUCTS_DIR; };
		9FA0FC762A7901FD00940F2D /* UserNotifications.framework */ = {isa = PBXFileReference; lastKnownFileType = wrapper.framework; name = UserNotifications.framework; path = System/Library/Frameworks/UserNotifications.framework; sourceTree = SDKROOT; };
		9FA0FC782A7901FD00940F2D /* UserNotificationsUI.framework */ = {isa = PBXFileReference; lastKnownFileType = wrapper.framework; name = UserNotificationsUI.framework; path = System/Library/Frameworks/UserNotificationsUI.framework; sourceTree = SDKROOT; };
		9FA0FC7B2A7901FD00940F2D /* NotificationViewController.swift */ = {isa = PBXFileReference; lastKnownFileType = sourcecode.swift; path = NotificationViewController.swift; sourceTree = "<group>"; };
		9FA0FC7E2A7901FD00940F2D /* Base */ = {isa = PBXFileReference; lastKnownFileType = file.storyboard; name = Base; path = Base.lproj/MainInterface.storyboard; sourceTree = "<group>"; };
		9FA0FC802A7901FD00940F2D /* Info.plist */ = {isa = PBXFileReference; lastKnownFileType = text.plist.xml; path = Info.plist; sourceTree = "<group>"; };
		9FF0C0862A78CC55004DEF16 /* NotificationService.appex */ = {isa = PBXFileReference; explicitFileType = "wrapper.app-extension"; includeInIndex = 0; path = NotificationService.appex; sourceTree = BUILT_PRODUCTS_DIR; };
		9FF0C0882A78CC55004DEF16 /* NotificationService.swift */ = {isa = PBXFileReference; lastKnownFileType = sourcecode.swift; path = NotificationService.swift; sourceTree = "<group>"; };
		9FF0C08A2A78CC55004DEF16 /* Info.plist */ = {isa = PBXFileReference; lastKnownFileType = text.plist.xml; path = Info.plist; sourceTree = "<group>"; };
/* End PBXFileReference section */

/* Begin PBXFrameworksBuildPhase section */
		9F1336722A73F68700B2EBB4 /* Frameworks */ = {
			isa = PBXFrameworksBuildPhase;
			buildActionMask = 2147483647;
			files = (
				9F1336902A73F6AB00B2EBB4 /* CleverTapSDK in Frameworks */,
				9F13368E2A73F6AB00B2EBB4 /* CleverTapLocation in Frameworks */,
				9FA0FC702A7901DF00940F2D /* CTNotificationContent in Frameworks */,
				9FF0C0942A78CD44004DEF16 /* CTNotificationService in Frameworks */,
			);
			runOnlyForDeploymentPostprocessing = 0;
		};
		9FA0FC722A7901FC00940F2D /* Frameworks */ = {
			isa = PBXFrameworksBuildPhase;
			buildActionMask = 2147483647;
			files = (
				9FA0FC8A2A79023F00940F2D /* CleverTapSDK in Frameworks */,
				9FA0FC882A79023E00940F2D /* CleverTapLocation in Frameworks */,
				9FA0FC792A7901FD00940F2D /* UserNotificationsUI.framework in Frameworks */,
				9FA0FC772A7901FD00940F2D /* UserNotifications.framework in Frameworks */,
				9FA0FC8C2A79023F00940F2D /* CTNotificationContent in Frameworks */,
			);
			runOnlyForDeploymentPostprocessing = 0;
		};
		9FF0C0832A78CC55004DEF16 /* Frameworks */ = {
			isa = PBXFrameworksBuildPhase;
			buildActionMask = 2147483647;
			files = (
				9FA0FC6D2A78F8D700940F2D /* CleverTapLocation in Frameworks */,
				9FA0FC6B2A78F8D500940F2D /* CleverTapSDK in Frameworks */,
				9FA0FC692A78F8D000940F2D /* CTNotificationService in Frameworks */,
			);
			runOnlyForDeploymentPostprocessing = 0;
		};
/* End PBXFrameworksBuildPhase section */

/* Begin PBXGroup section */
		9F13366C2A73F68700B2EBB4 = {
			isa = PBXGroup;
			children = (
				9F1336772A73F68700B2EBB4 /* Tejas_IOS_Demo */,
				9FF0C0872A78CC55004DEF16 /* NotificationService */,
				9FA0FC7A2A7901FD00940F2D /* NotificationContent */,
				9F1336762A73F68700B2EBB4 /* Products */,
				9FA0FC672A78F8D000940F2D /* Frameworks */,
			);
			sourceTree = "<group>";
		};
		9F1336762A73F68700B2EBB4 /* Products */ = {
			isa = PBXGroup;
			children = (
				9F1336752A73F68700B2EBB4 /* Tejas_IOS_Demo.app */,
				9FF0C0862A78CC55004DEF16 /* NotificationService.appex */,
				9FA0FC752A7901FC00940F2D /* NotificationContent.appex */,
			);
			name = Products;
			sourceTree = "<group>";
		};
		9F1336772A73F68700B2EBB4 /* Tejas_IOS_Demo */ = {
			isa = PBXGroup;
			children = (
				9F628E862A77FE5D009FFEAA /* Tejas_IOS_Demo.entitlements */,
				9F1336782A73F68700B2EBB4 /* AppDelegate.swift */,
				9F13367A2A73F68700B2EBB4 /* SceneDelegate.swift */,
				9F13367C2A73F68700B2EBB4 /* ViewController.swift */,
				9F13367E2A73F68700B2EBB4 /* Main.storyboard */,
				9F1336812A73F68800B2EBB4 /* Assets.xcassets */,
				9F1336832A73F68800B2EBB4 /* LaunchScreen.storyboard */,
				9F1336862A73F68800B2EBB4 /* Info.plist */,
			);
			path = Tejas_IOS_Demo;
			sourceTree = "<group>";
		};
		9FA0FC672A78F8D000940F2D /* Frameworks */ = {
			isa = PBXGroup;
			children = (
				9FA0FC762A7901FD00940F2D /* UserNotifications.framework */,
				9FA0FC782A7901FD00940F2D /* UserNotificationsUI.framework */,
			);
			name = Frameworks;
			sourceTree = "<group>";
		};
		9FA0FC7A2A7901FD00940F2D /* NotificationContent */ = {
			isa = PBXGroup;
			children = (
				9FA0FC7B2A7901FD00940F2D /* NotificationViewController.swift */,
				9FA0FC7D2A7901FD00940F2D /* MainInterface.storyboard */,
				9FA0FC802A7901FD00940F2D /* Info.plist */,
			);
			path = NotificationContent;
			sourceTree = "<group>";
		};
		9FF0C0872A78CC55004DEF16 /* NotificationService */ = {
			isa = PBXGroup;
			children = (
				9FF0C0882A78CC55004DEF16 /* NotificationService.swift */,
				9FF0C08A2A78CC55004DEF16 /* Info.plist */,
			);
			path = NotificationService;
			sourceTree = "<group>";
		};
/* End PBXGroup section */

/* Begin PBXNativeTarget section */
		9F1336742A73F68700B2EBB4 /* Tejas_IOS_Demo */ = {
			isa = PBXNativeTarget;
			buildConfigurationList = 9F1336892A73F68800B2EBB4 /* Build configuration list for PBXNativeTarget "Tejas_IOS_Demo" */;
			buildPhases = (
				9F1336712A73F68700B2EBB4 /* Sources */,
				9F1336722A73F68700B2EBB4 /* Frameworks */,
				9F1336732A73F68700B2EBB4 /* Resources */,
				9FF0C0912A78CC55004DEF16 /* Embed Foundation Extensions */,
			);
			buildRules = (
			);
			dependencies = (
				9FF0C08C2A78CC55004DEF16 /* PBXTargetDependency */,
				9FA0FC822A7901FD00940F2D /* PBXTargetDependency */,
			);
			name = Tejas_IOS_Demo;
			packageProductDependencies = (
				9F13368D2A73F6AB00B2EBB4 /* CleverTapLocation */,
				9F13368F2A73F6AB00B2EBB4 /* CleverTapSDK */,
				9FF0C0932A78CD44004DEF16 /* CTNotificationService */,
				9FA0FC6F2A7901DF00940F2D /* CTNotificationContent */,
			);
			productName = Tejas_IOS_Demo;
			productReference = 9F1336752A73F68700B2EBB4 /* Tejas_IOS_Demo.app */;
			productType = "com.apple.product-type.application";
		};
		9FA0FC742A7901FC00940F2D /* NotificationContent */ = {
			isa = PBXNativeTarget;
			buildConfigurationList = 9FA0FC842A7901FD00940F2D /* Build configuration list for PBXNativeTarget "NotificationContent" */;
			buildPhases = (
				9FA0FC712A7901FC00940F2D /* Sources */,
				9FA0FC722A7901FC00940F2D /* Frameworks */,
				9FA0FC732A7901FC00940F2D /* Resources */,
			);
			buildRules = (
			);
			dependencies = (
			);
			name = NotificationContent;
			packageProductDependencies = (
				9FA0FC872A79023E00940F2D /* CleverTapLocation */,
				9FA0FC892A79023F00940F2D /* CleverTapSDK */,
				9FA0FC8B2A79023F00940F2D /* CTNotificationContent */,
			);
			productName = NotificationContent;
			productReference = 9FA0FC752A7901FC00940F2D /* NotificationContent.appex */;
			productType = "com.apple.product-type.app-extension";
		};
		9FF0C0852A78CC55004DEF16 /* NotificationService */ = {
			isa = PBXNativeTarget;
			buildConfigurationList = 9FF0C08E2A78CC55004DEF16 /* Build configuration list for PBXNativeTarget "NotificationService" */;
			buildPhases = (
				9FF0C0822A78CC55004DEF16 /* Sources */,
				9FF0C0832A78CC55004DEF16 /* Frameworks */,
				9FF0C0842A78CC55004DEF16 /* Resources */,
			);
			buildRules = (
			);
			dependencies = (
			);
			name = NotificationService;
			packageProductDependencies = (
				9FA0FC682A78F8D000940F2D /* CTNotificationService */,
				9FA0FC6A2A78F8D500940F2D /* CleverTapSDK */,
				9FA0FC6C2A78F8D700940F2D /* CleverTapLocation */,
			);
			productName = NotificationService;
			productReference = 9FF0C0862A78CC55004DEF16 /* NotificationService.appex */;
			productType = "com.apple.product-type.app-extension";
		};
/* End PBXNativeTarget section */

/* Begin PBXProject section */
		9F13366D2A73F68700B2EBB4 /* Project object */ = {
			isa = PBXProject;
			attributes = {
				BuildIndependentTargetsInParallel = 1;
				LastSwiftUpdateCheck = 1430;
				LastUpgradeCheck = 1430;
				TargetAttributes = {
					9F1336742A73F68700B2EBB4 = {
						CreatedOnToolsVersion = 14.3;
					};
					9FA0FC742A7901FC00940F2D = {
						CreatedOnToolsVersion = 14.3;
					};
					9FF0C0852A78CC55004DEF16 = {
						CreatedOnToolsVersion = 14.3;
					};
				};
			};
			buildConfigurationList = 9F1336702A73F68700B2EBB4 /* Build configuration list for PBXProject "Tejas_IOS_Demo" */;
			compatibilityVersion = "Xcode 14.0";
			developmentRegion = en;
			hasScannedForEncodings = 0;
			knownRegions = (
				en,
				Base,
			);
			mainGroup = 9F13366C2A73F68700B2EBB4;
			packageReferences = (
				9F13368C2A73F6AB00B2EBB4 /* XCRemoteSwiftPackageReference "clevertap-ios-sdk" */,
				9FF0C0922A78CD44004DEF16 /* XCRemoteSwiftPackageReference "CTNotificationService" */,
				9FA0FC6E2A7901DF00940F2D /* XCRemoteSwiftPackageReference "CTNotificationContent" */,
			);
			productRefGroup = 9F1336762A73F68700B2EBB4 /* Products */;
			projectDirPath = "";
			projectRoot = "";
			targets = (
				9F1336742A73F68700B2EBB4 /* Tejas_IOS_Demo */,
				9FF0C0852A78CC55004DEF16 /* NotificationService */,
				9FA0FC742A7901FC00940F2D /* NotificationContent */,
			);
		};
/* End PBXProject section */

/* Begin PBXResourcesBuildPhase section */
		9F1336732A73F68700B2EBB4 /* Resources */ = {
			isa = PBXResourcesBuildPhase;
			buildActionMask = 2147483647;
			files = (
				9F1336852A73F68800B2EBB4 /* LaunchScreen.storyboard in Resources */,
				9F1336822A73F68800B2EBB4 /* Assets.xcassets in Resources */,
				9F1336802A73F68700B2EBB4 /* Main.storyboard in Resources */,
			);
			runOnlyForDeploymentPostprocessing = 0;
		};
		9FA0FC732A7901FC00940F2D /* Resources */ = {
			isa = PBXResourcesBuildPhase;
			buildActionMask = 2147483647;
			files = (
				9FA0FC7F2A7901FD00940F2D /* MainInterface.storyboard in Resources */,
			);
			runOnlyForDeploymentPostprocessing = 0;
		};
		9FF0C0842A78CC55004DEF16 /* Resources */ = {
			isa = PBXResourcesBuildPhase;
			buildActionMask = 2147483647;
			files = (
			);
			runOnlyForDeploymentPostprocessing = 0;
		};
/* End PBXResourcesBuildPhase section */

/* Begin PBXSourcesBuildPhase section */
		9F1336712A73F68700B2EBB4 /* Sources */ = {
			isa = PBXSourcesBuildPhase;
			buildActionMask = 2147483647;
			files = (
				9F13367D2A73F68700B2EBB4 /* ViewController.swift in Sources */,
				9F1336792A73F68700B2EBB4 /* AppDelegate.swift in Sources */,
				9F13367B2A73F68700B2EBB4 /* SceneDelegate.swift in Sources */,
			);
			runOnlyForDeploymentPostprocessing = 0;
		};
		9FA0FC712A7901FC00940F2D /* Sources */ = {
			isa = PBXSourcesBuildPhase;
			buildActionMask = 2147483647;
			files = (
				9FA0FC7C2A7901FD00940F2D /* NotificationViewController.swift in Sources */,
			);
			runOnlyForDeploymentPostprocessing = 0;
		};
		9FF0C0822A78CC55004DEF16 /* Sources */ = {
			isa = PBXSourcesBuildPhase;
			buildActionMask = 2147483647;
			files = (
				9FF0C0892A78CC55004DEF16 /* NotificationService.swift in Sources */,
			);
			runOnlyForDeploymentPostprocessing = 0;
		};
/* End PBXSourcesBuildPhase section */

/* Begin PBXTargetDependency section */
		9FA0FC822A7901FD00940F2D /* PBXTargetDependency */ = {
			isa = PBXTargetDependency;
			target = 9FA0FC742A7901FC00940F2D /* NotificationContent */;
			targetProxy = 9FA0FC812A7901FD00940F2D /* PBXContainerItemProxy */;
		};
		9FF0C08C2A78CC55004DEF16 /* PBXTargetDependency */ = {
			isa = PBXTargetDependency;
			target = 9FF0C0852A78CC55004DEF16 /* NotificationService */;
			targetProxy = 9FF0C08B2A78CC55004DEF16 /* PBXContainerItemProxy */;
		};
/* End PBXTargetDependency section */

/* Begin PBXVariantGroup section */
		9F13367E2A73F68700B2EBB4 /* Main.storyboard */ = {
			isa = PBXVariantGroup;
			children = (
				9F13367F2A73F68700B2EBB4 /* Base */,
			);
			name = Main.storyboard;
			sourceTree = "<group>";
		};
		9F1336832A73F68800B2EBB4 /* LaunchScreen.storyboard */ = {
			isa = PBXVariantGroup;
			children = (
				9F1336842A73F68800B2EBB4 /* Base */,
			);
			name = LaunchScreen.storyboard;
			sourceTree = "<group>";
		};
		9FA0FC7D2A7901FD00940F2D /* MainInterface.storyboard */ = {
			isa = PBXVariantGroup;
			children = (
				9FA0FC7E2A7901FD00940F2D /* Base */,
			);
			name = MainInterface.storyboard;
			sourceTree = "<group>";
		};
/* End PBXVariantGroup section */

/* Begin XCBuildConfiguration section */
		9F1336872A73F68800B2EBB4 /* Debug */ = {
			isa = XCBuildConfiguration;
			buildSettings = {
				ALWAYS_SEARCH_USER_PATHS = NO;
				CLANG_ANALYZER_NONNULL = YES;
				CLANG_ANALYZER_NUMBER_OBJECT_CONVERSION = YES_AGGRESSIVE;
				CLANG_CXX_LANGUAGE_STANDARD = "gnu++20";
				CLANG_ENABLE_MODULES = YES;
				CLANG_ENABLE_OBJC_ARC = YES;
				CLANG_ENABLE_OBJC_WEAK = YES;
				CLANG_WARN_BLOCK_CAPTURE_AUTORELEASING = YES;
				CLANG_WARN_BOOL_CONVERSION = YES;
				CLANG_WARN_COMMA = YES;
				CLANG_WARN_CONSTANT_CONVERSION = YES;
				CLANG_WARN_DEPRECATED_OBJC_IMPLEMENTATIONS = YES;
				CLANG_WARN_DIRECT_OBJC_ISA_USAGE = YES_ERROR;
				CLANG_WARN_DOCUMENTATION_COMMENTS = YES;
				CLANG_WARN_EMPTY_BODY = YES;
				CLANG_WARN_ENUM_CONVERSION = YES;
				CLANG_WARN_INFINITE_RECURSION = YES;
				CLANG_WARN_INT_CONVERSION = YES;
				CLANG_WARN_NON_LITERAL_NULL_CONVERSION = YES;
				CLANG_WARN_OBJC_IMPLICIT_RETAIN_SELF = YES;
				CLANG_WARN_OBJC_LITERAL_CONVERSION = YES;
				CLANG_WARN_OBJC_ROOT_CLASS = YES_ERROR;
				CLANG_WARN_QUOTED_INCLUDE_IN_FRAMEWORK_HEADER = YES;
				CLANG_WARN_RANGE_LOOP_ANALYSIS = YES;
				CLANG_WARN_STRICT_PROTOTYPES = YES;
				CLANG_WARN_SUSPICIOUS_MOVE = YES;
				CLANG_WARN_UNGUARDED_AVAILABILITY = YES_AGGRESSIVE;
				CLANG_WARN_UNREACHABLE_CODE = YES;
				CLANG_WARN__DUPLICATE_METHOD_MATCH = YES;
				COPY_PHASE_STRIP = NO;
				DEBUG_INFORMATION_FORMAT = dwarf;
				ENABLE_STRICT_OBJC_MSGSEND = YES;
				ENABLE_TESTABILITY = YES;
				GCC_C_LANGUAGE_STANDARD = gnu11;
				GCC_DYNAMIC_NO_PIC = NO;
				GCC_NO_COMMON_BLOCKS = YES;
				GCC_OPTIMIZATION_LEVEL = 0;
				GCC_PREPROCESSOR_DEFINITIONS = (
					"DEBUG=1",
					"$(inherited)",
				);
				GCC_WARN_64_TO_32_BIT_CONVERSION = YES;
				GCC_WARN_ABOUT_RETURN_TYPE = YES_ERROR;
				GCC_WARN_UNDECLARED_SELECTOR = YES;
				GCC_WARN_UNINITIALIZED_AUTOS = YES_AGGRESSIVE;
				GCC_WARN_UNUSED_FUNCTION = YES;
				GCC_WARN_UNUSED_VARIABLE = YES;
				IPHONEOS_DEPLOYMENT_TARGET = 16.4;
				MTL_ENABLE_DEBUG_INFO = INCLUDE_SOURCE;
				MTL_FAST_MATH = YES;
				ONLY_ACTIVE_ARCH = YES;
				SDKROOT = iphoneos;
				SWIFT_ACTIVE_COMPILATION_CONDITIONS = DEBUG;
				SWIFT_OPTIMIZATION_LEVEL = "-Onone";
			};
			name = Debug;
		};
		9F1336882A73F68800B2EBB4 /* Release */ = {
			isa = XCBuildConfiguration;
			buildSettings = {
				ALWAYS_SEARCH_USER_PATHS = NO;
				CLANG_ANALYZER_NONNULL = YES;
				CLANG_ANALYZER_NUMBER_OBJECT_CONVERSION = YES_AGGRESSIVE;
				CLANG_CXX_LANGUAGE_STANDARD = "gnu++20";
				CLANG_ENABLE_MODULES = YES;
				CLANG_ENABLE_OBJC_ARC = YES;
				CLANG_ENABLE_OBJC_WEAK = YES;
				CLANG_WARN_BLOCK_CAPTURE_AUTORELEASING = YES;
				CLANG_WARN_BOOL_CONVERSION = YES;
				CLANG_WARN_COMMA = YES;
				CLANG_WARN_CONSTANT_CONVERSION = YES;
				CLANG_WARN_DEPRECATED_OBJC_IMPLEMENTATIONS = YES;
				CLANG_WARN_DIRECT_OBJC_ISA_USAGE = YES_ERROR;
				CLANG_WARN_DOCUMENTATION_COMMENTS = YES;
				CLANG_WARN_EMPTY_BODY = YES;
				CLANG_WARN_ENUM_CONVERSION = YES;
				CLANG_WARN_INFINITE_RECURSION = YES;
				CLANG_WARN_INT_CONVERSION = YES;
				CLANG_WARN_NON_LITERAL_NULL_CONVERSION = YES;
				CLANG_WARN_OBJC_IMPLICIT_RETAIN_SELF = YES;
				CLANG_WARN_OBJC_LITERAL_CONVERSION = YES;
				CLANG_WARN_OBJC_ROOT_CLASS = YES_ERROR;
				CLANG_WARN_QUOTED_INCLUDE_IN_FRAMEWORK_HEADER = YES;
				CLANG_WARN_RANGE_LOOP_ANALYSIS = YES;
				CLANG_WARN_STRICT_PROTOTYPES = YES;
				CLANG_WARN_SUSPICIOUS_MOVE = YES;
				CLANG_WARN_UNGUARDED_AVAILABILITY = YES_AGGRESSIVE;
				CLANG_WARN_UNREACHABLE_CODE = YES;
				CLANG_WARN__DUPLICATE_METHOD_MATCH = YES;
				COPY_PHASE_STRIP = NO;
				DEBUG_INFORMATION_FORMAT = "dwarf-with-dsym";
				ENABLE_NS_ASSERTIONS = NO;
				ENABLE_STRICT_OBJC_MSGSEND = YES;
				GCC_C_LANGUAGE_STANDARD = gnu11;
				GCC_NO_COMMON_BLOCKS = YES;
				GCC_WARN_64_TO_32_BIT_CONVERSION = YES;
				GCC_WARN_ABOUT_RETURN_TYPE = YES_ERROR;
				GCC_WARN_UNDECLARED_SELECTOR = YES;
				GCC_WARN_UNINITIALIZED_AUTOS = YES_AGGRESSIVE;
				GCC_WARN_UNUSED_FUNCTION = YES;
				GCC_WARN_UNUSED_VARIABLE = YES;
				IPHONEOS_DEPLOYMENT_TARGET = 16.4;
				MTL_ENABLE_DEBUG_INFO = NO;
				MTL_FAST_MATH = YES;
				SDKROOT = iphoneos;
				SWIFT_COMPILATION_MODE = wholemodule;
				SWIFT_OPTIMIZATION_LEVEL = "-O";
				VALIDATE_PRODUCT = YES;
			};
			name = Release;
		};
		9F13368A2A73F68800B2EBB4 /* Debug */ = {
			isa = XCBuildConfiguration;
			buildSettings = {
				ALWAYS_EMBED_SWIFT_STANDARD_LIBRARIES = YES;
				ASSETCATALOG_COMPILER_APPICON_NAME = AppIcon;
				ASSETCATALOG_COMPILER_GLOBAL_ACCENT_COLOR_NAME = AccentColor;
				CODE_SIGN_ENTITLEMENTS = Tejas_IOS_Demo/Tejas_IOS_Demo.entitlements;
				CODE_SIGN_IDENTITY = "Apple Development";
				CODE_SIGN_STYLE = Automatic;
				CURRENT_PROJECT_VERSION = 1;
				DEVELOPMENT_TEAM = 6MY4LZCCZA;
				GENERATE_INFOPLIST_FILE = YES;
				INFOPLIST_FILE = Tejas_IOS_Demo/Info.plist;
				INFOPLIST_KEY_UIApplicationSupportsIndirectInputEvents = YES;
				INFOPLIST_KEY_UILaunchStoryboardName = LaunchScreen;
				INFOPLIST_KEY_UIMainStoryboardFile = Main;
				INFOPLIST_KEY_UISupportedInterfaceOrientations_iPad = "UIInterfaceOrientationPortrait UIInterfaceOrientationPortraitUpsideDown UIInterfaceOrientationLandscapeLeft UIInterfaceOrientationLandscapeRight";
				INFOPLIST_KEY_UISupportedInterfaceOrientations_iPhone = "UIInterfaceOrientationPortrait UIInterfaceOrientationLandscapeLeft UIInterfaceOrientationLandscapeRight";
				LD_RUNPATH_SEARCH_PATHS = (
					"$(inherited)",
					"@executable_path/Frameworks",
				);
				MARKETING_VERSION = 1.0;
				PRODUCT_BUNDLE_IDENTIFIER = "CT.Tejas-IOS-Demo2";
				PRODUCT_NAME = "$(TARGET_NAME)";
				PROVISIONING_PROFILE_SPECIFIER = "";
				SWIFT_EMIT_LOC_STRINGS = YES;
				SWIFT_VERSION = 5.0;
				TARGETED_DEVICE_FAMILY = "1,2";
			};
			name = Debug;
		};
		9F13368B2A73F68800B2EBB4 /* Release */ = {
			isa = XCBuildConfiguration;
			buildSettings = {
				ALWAYS_EMBED_SWIFT_STANDARD_LIBRARIES = YES;
				ASSETCATALOG_COMPILER_APPICON_NAME = AppIcon;
				ASSETCATALOG_COMPILER_GLOBAL_ACCENT_COLOR_NAME = AccentColor;
				CODE_SIGN_ENTITLEMENTS = Tejas_IOS_Demo/Tejas_IOS_Demo.entitlements;
				CODE_SIGN_IDENTITY = "Apple Development";
				CODE_SIGN_STYLE = Automatic;
				CURRENT_PROJECT_VERSION = 1;
				DEVELOPMENT_TEAM = 6MY4LZCCZA;
				GENERATE_INFOPLIST_FILE = YES;
				INFOPLIST_FILE = Tejas_IOS_Demo/Info.plist;
				INFOPLIST_KEY_UIApplicationSupportsIndirectInputEvents = YES;
				INFOPLIST_KEY_UILaunchStoryboardName = LaunchScreen;
				INFOPLIST_KEY_UIMainStoryboardFile = Main;
				INFOPLIST_KEY_UISupportedInterfaceOrientations_iPad = "UIInterfaceOrientationPortrait UIInterfaceOrientationPortraitUpsideDown UIInterfaceOrientationLandscapeLeft UIInterfaceOrientationLandscapeRight";
				INFOPLIST_KEY_UISupportedInterfaceOrientations_iPhone = "UIInterfaceOrientationPortrait UIInterfaceOrientationLandscapeLeft UIInterfaceOrientationLandscapeRight";
				LD_RUNPATH_SEARCH_PATHS = (
					"$(inherited)",
					"@executable_path/Frameworks",
				);
				MARKETING_VERSION = 1.0;
				PRODUCT_BUNDLE_IDENTIFIER = "CT.Tejas-IOS-Demo2";
				PRODUCT_NAME = "$(TARGET_NAME)";
				PROVISIONING_PROFILE_SPECIFIER = "";
				SWIFT_EMIT_LOC_STRINGS = YES;
				SWIFT_VERSION = 5.0;
				TARGETED_DEVICE_FAMILY = "1,2";
			};
			name = Release;
		};
		9FA0FC852A7901FD00940F2D /* Debug */ = {
			isa = XCBuildConfiguration;
			buildSettings = {
				CODE_SIGN_IDENTITY = "Apple Development";
				CODE_SIGN_STYLE = Automatic;
				CURRENT_PROJECT_VERSION = 1;
				DEVELOPMENT_TEAM = 6MY4LZCCZA;
				GENERATE_INFOPLIST_FILE = YES;
				INFOPLIST_FILE = NotificationContent/Info.plist;
				INFOPLIST_KEY_CFBundleDisplayName = NotificationContent;
				INFOPLIST_KEY_NSHumanReadableCopyright = "";
				LD_RUNPATH_SEARCH_PATHS = (
					"$(inherited)",
					"@executable_path/Frameworks",
					"@executable_path/../../Frameworks",
				);
				MARKETING_VERSION = 1.0;
				PRODUCT_BUNDLE_IDENTIFIER = "CT.Tejas-IOS-Demo2.NotificationContent";
				PRODUCT_NAME = "$(TARGET_NAME)";
				SKIP_INSTALL = YES;
				SWIFT_EMIT_LOC_STRINGS = YES;
				SWIFT_VERSION = 5.0;
				TARGETED_DEVICE_FAMILY = "1,2";
			};
			name = Debug;
		};
		9FA0FC862A7901FD00940F2D /* Release */ = {
			isa = XCBuildConfiguration;
			buildSettings = {
				CODE_SIGN_IDENTITY = "Apple Development";
				CODE_SIGN_STYLE = Automatic;
				CURRENT_PROJECT_VERSION = 1;
				DEVELOPMENT_TEAM = 6MY4LZCCZA;
				GENERATE_INFOPLIST_FILE = YES;
				INFOPLIST_FILE = NotificationContent/Info.plist;
				INFOPLIST_KEY_CFBundleDisplayName = NotificationContent;
				INFOPLIST_KEY_NSHumanReadableCopyright = "";
				LD_RUNPATH_SEARCH_PATHS = (
					"$(inherited)",
					"@executable_path/Frameworks",
					"@executable_path/../../Frameworks",
				);
				MARKETING_VERSION = 1.0;
				PRODUCT_BUNDLE_IDENTIFIER = "CT.Tejas-IOS-Demo2.NotificationContent";
				PRODUCT_NAME = "$(TARGET_NAME)";
				SKIP_INSTALL = YES;
				SWIFT_EMIT_LOC_STRINGS = YES;
				SWIFT_VERSION = 5.0;
				TARGETED_DEVICE_FAMILY = "1,2";
			};
			name = Release;
		};
		9FF0C08F2A78CC55004DEF16 /* Debug */ = {
			isa = XCBuildConfiguration;
			buildSettings = {
				CODE_SIGN_IDENTITY = "Apple Development";
				CODE_SIGN_STYLE = Automatic;
				CURRENT_PROJECT_VERSION = 1;
				DEVELOPMENT_TEAM = 6MY4LZCCZA;
				GENERATE_INFOPLIST_FILE = YES;
				INFOPLIST_FILE = NotificationService/Info.plist;
				INFOPLIST_KEY_CFBundleDisplayName = NotificationService;
				INFOPLIST_KEY_NSHumanReadableCopyright = "";
				LD_RUNPATH_SEARCH_PATHS = (
					"$(inherited)",
					"@executable_path/Frameworks",
					"@executable_path/../../Frameworks",
				);
				MARKETING_VERSION = 1.0;
				PRODUCT_BUNDLE_IDENTIFIER = "CT.Tejas-IOS-Demo2.NotificationService";
				PRODUCT_NAME = "$(TARGET_NAME)";
				SKIP_INSTALL = YES;
				SWIFT_EMIT_LOC_STRINGS = YES;
				SWIFT_VERSION = 5.0;
				TARGETED_DEVICE_FAMILY = "1,2";
			};
			name = Debug;
		};
		9FF0C0902A78CC55004DEF16 /* Release */ = {
			isa = XCBuildConfiguration;
			buildSettings = {
				CODE_SIGN_IDENTITY = "Apple Development";
				CODE_SIGN_STYLE = Automatic;
				CURRENT_PROJECT_VERSION = 1;
				DEVELOPMENT_TEAM = 6MY4LZCCZA;
				GENERATE_INFOPLIST_FILE = YES;
				INFOPLIST_FILE = NotificationService/Info.plist;
				INFOPLIST_KEY_CFBundleDisplayName = NotificationService;
				INFOPLIST_KEY_NSHumanReadableCopyright = "";
				LD_RUNPATH_SEARCH_PATHS = (
					"$(inherited)",
					"@executable_path/Frameworks",
					"@executable_path/../../Frameworks",
				);
				MARKETING_VERSION = 1.0;
				PRODUCT_BUNDLE_IDENTIFIER = "CT.Tejas-IOS-Demo2.NotificationService";
				PRODUCT_NAME = "$(TARGET_NAME)";
				SKIP_INSTALL = YES;
				SWIFT_EMIT_LOC_STRINGS = YES;
				SWIFT_VERSION = 5.0;
				TARGETED_DEVICE_FAMILY = "1,2";
			};
			name = Release;
		};
/* End XCBuildConfiguration section */

/* Begin XCConfigurationList section */
		9F1336702A73F68700B2EBB4 /* Build configuration list for PBXProject "Tejas_IOS_Demo" */ = {
			isa = XCConfigurationList;
			buildConfigurations = (
				9F1336872A73F68800B2EBB4 /* Debug */,
				9F1336882A73F68800B2EBB4 /* Release */,
			);
			defaultConfigurationIsVisible = 0;
			defaultConfigurationName = Release;
		};
		9F1336892A73F68800B2EBB4 /* Build configuration list for PBXNativeTarget "Tejas_IOS_Demo" */ = {
			isa = XCConfigurationList;
			buildConfigurations = (
				9F13368A2A73F68800B2EBB4 /* Debug */,
				9F13368B2A73F68800B2EBB4 /* Release */,
			);
			defaultConfigurationIsVisible = 0;
			defaultConfigurationName = Release;
		};
		9FA0FC842A7901FD00940F2D /* Build configuration list for PBXNativeTarget "NotificationContent" */ = {
			isa = XCConfigurationList;
			buildConfigurations = (
				9FA0FC852A7901FD00940F2D /* Debug */,
				9FA0FC862A7901FD00940F2D /* Release */,
			);
			defaultConfigurationIsVisible = 0;
			defaultConfigurationName = Release;
		};
		9FF0C08E2A78CC55004DEF16 /* Build configuration list for PBXNativeTarget "NotificationService" */ = {
			isa = XCConfigurationList;
			buildConfigurations = (
				9FF0C08F2A78CC55004DEF16 /* Debug */,
				9FF0C0902A78CC55004DEF16 /* Release */,
			);
			defaultConfigurationIsVisible = 0;
			defaultConfigurationName = Release;
		};
/* End XCConfigurationList section */

/* Begin XCRemoteSwiftPackageReference section */
		9F13368C2A73F6AB00B2EBB4 /* XCRemoteSwiftPackageReference "clevertap-ios-sdk" */ = {
			isa = XCRemoteSwiftPackageReference;
			repositoryURL = "https://github.com/CleverTap/clevertap-ios-sdk.git";
			requirement = {
				kind = upToNextMajorVersion;
				minimumVersion = 5.0.0;
			};
		};
		9FA0FC6E2A7901DF00940F2D /* XCRemoteSwiftPackageReference "CTNotificationContent" */ = {
			isa = XCRemoteSwiftPackageReference;
			repositoryURL = "https://github.com/CleverTap/CTNotificationContent.git";
			requirement = {
				kind = upToNextMajorVersion;
				minimumVersion = 0.2.4;
			};
		};
		9FF0C0922A78CD44004DEF16 /* XCRemoteSwiftPackageReference "CTNotificationService" */ = {
			isa = XCRemoteSwiftPackageReference;
			repositoryURL = "https://github.com/CleverTap/CTNotificationService.git";
			requirement = {
				kind = upToNextMajorVersion;
				minimumVersion = 0.1.5;
			};
		};
/* End XCRemoteSwiftPackageReference section */

/* Begin XCSwiftPackageProductDependency section */
		9F13368D2A73F6AB00B2EBB4 /* CleverTapLocation */ = {
			isa = XCSwiftPackageProductDependency;
			package = 9F13368C2A73F6AB00B2EBB4 /* XCRemoteSwiftPackageReference "clevertap-ios-sdk" */;
			productName = CleverTapLocation;
		};
		9F13368F2A73F6AB00B2EBB4 /* CleverTapSDK */ = {
			isa = XCSwiftPackageProductDependency;
			package = 9F13368C2A73F6AB00B2EBB4 /* XCRemoteSwiftPackageReference "clevertap-ios-sdk" */;
			productName = CleverTapSDK;
		};
		9FA0FC682A78F8D000940F2D /* CTNotificationService */ = {
			isa = XCSwiftPackageProductDependency;
			package = 9FF0C0922A78CD44004DEF16 /* XCRemoteSwiftPackageReference "CTNotificationService" */;
			productName = CTNotificationService;
		};
		9FA0FC6A2A78F8D500940F2D /* CleverTapSDK */ = {
			isa = XCSwiftPackageProductDependency;
			package = 9F13368C2A73F6AB00B2EBB4 /* XCRemoteSwiftPackageReference "clevertap-ios-sdk" */;
			productName = CleverTapSDK;
		};
		9FA0FC6C2A78F8D700940F2D /* CleverTapLocation */ = {
			isa = XCSwiftPackageProductDependency;
			package = 9F13368C2A73F6AB00B2EBB4 /* XCRemoteSwiftPackageReference "clevertap-ios-sdk" */;
			productName = CleverTapLocation;
		};
		9FA0FC6F2A7901DF00940F2D /* CTNotificationContent */ = {
			isa = XCSwiftPackageProductDependency;
			package = 9FA0FC6E2A7901DF00940F2D /* XCRemoteSwiftPackageReference "CTNotificationContent" */;
			productName = CTNotificationContent;
		};
		9FA0FC872A79023E00940F2D /* CleverTapLocation */ = {
			isa = XCSwiftPackageProductDependency;
			package = 9F13368C2A73F6AB00B2EBB4 /* XCRemoteSwiftPackageReference "clevertap-ios-sdk" */;
			productName = CleverTapLocation;
		};
		9FA0FC892A79023F00940F2D /* CleverTapSDK */ = {
			isa = XCSwiftPackageProductDependency;
			package = 9F13368C2A73F6AB00B2EBB4 /* XCRemoteSwiftPackageReference "clevertap-ios-sdk" */;
			productName = CleverTapSDK;
		};
		9FA0FC8B2A79023F00940F2D /* CTNotificationContent */ = {
			isa = XCSwiftPackageProductDependency;
			package = 9FA0FC6E2A7901DF00940F2D /* XCRemoteSwiftPackageReference "CTNotificationContent" */;
			productName = CTNotificationContent;
		};
		9FF0C0932A78CD44004DEF16 /* CTNotificationService */ = {
			isa = XCSwiftPackageProductDependency;
			package = 9FF0C0922A78CD44004DEF16 /* XCRemoteSwiftPackageReference "CTNotificationService" */;
			productName = CTNotificationService;
		};
/* End XCSwiftPackageProductDependency section */
	};
	rootObject = 9F13366D2A73F68700B2EBB4 /* Project object */;
}
